// !$*UTF8*$!
{
	archiveVersion = 1;
	classes = {
	};
	objectVersion = 50;
	objects = {

/* Begin PBXBuildFile section */
		A3E09A7B23EC5E7D00872A63 /* AppDelegate.swift in Sources */ = {isa = PBXBuildFile; fileRef = A3E09A7A23EC5E7D00872A63 /* AppDelegate.swift */; };
		A3E09A7D23EC5E7D00872A63 /* SceneDelegate.swift in Sources */ = {isa = PBXBuildFile; fileRef = A3E09A7C23EC5E7D00872A63 /* SceneDelegate.swift */; };
		A3E09A7F23EC5E7D00872A63 /* LandmarkDetail.swift in Sources */ = {isa = PBXBuildFile; fileRef = A3E09A7E23EC5E7D00872A63 /* LandmarkDetail.swift */; };
		A3E09A8423EC5E8100872A63 /* Preview Assets.xcassets in Resources */ = {isa = PBXBuildFile; fileRef = A3E09A8323EC5E8100872A63 /* Preview Assets.xcassets */; };
		A3E09A8723EC5E8100872A63 /* LaunchScreen.storyboard in Resources */ = {isa = PBXBuildFile; fileRef = A3E09A8523EC5E8100872A63 /* LaunchScreen.storyboard */; };
		A3E6EC8023EDA75400C45FCE /* CircleImage.swift in Sources */ = {isa = PBXBuildFile; fileRef = A3E6EC7F23EDA75400C45FCE /* CircleImage.swift */; };
		A3E6EC8223EDA89F00C45FCE /* MapView.swift in Sources */ = {isa = PBXBuildFile; fileRef = A3E6EC8123EDA89F00C45FCE /* MapView.swift */; };
		A3E6EC8623EDAEA700C45FCE /* Data.swift in Sources */ = {isa = PBXBuildFile; fileRef = A3E6EC8423EDAEA700C45FCE /* Data.swift */; };
		A3E6EC8723EDAEA700C45FCE /* Landmark.swift in Sources */ = {isa = PBXBuildFile; fileRef = A3E6EC8523EDAEA700C45FCE /* Landmark.swift */; };
		A3E6EC9623EDAEC100C45FCE /* turtlerock.jpg in Resources */ = {isa = PBXBuildFile; fileRef = A3E6EC8923EDAEC100C45FCE /* turtlerock.jpg */; };
		A3E6EC9723EDAEC100C45FCE /* silversalmoncreek.jpg in Resources */ = {isa = PBXBuildFile; fileRef = A3E6EC8A23EDAEC100C45FCE /* silversalmoncreek.jpg */; };
		A3E6EC9823EDAEC100C45FCE /* icybay.jpg in Resources */ = {isa = PBXBuildFile; fileRef = A3E6EC8B23EDAEC100C45FCE /* icybay.jpg */; };
		A3E6EC9923EDAEC100C45FCE /* lakemcdonald.jpg in Resources */ = {isa = PBXBuildFile; fileRef = A3E6EC8C23EDAEC100C45FCE /* lakemcdonald.jpg */; };
		A3E6EC9A23EDAEC100C45FCE /* hiddenlake.jpg in Resources */ = {isa = PBXBuildFile; fileRef = A3E6EC8D23EDAEC100C45FCE /* hiddenlake.jpg */; };
		A3E6EC9B23EDAEC100C45FCE /* twinlake.jpg in Resources */ = {isa = PBXBuildFile; fileRef = A3E6EC8E23EDAEC100C45FCE /* twinlake.jpg */; };
		A3E6EC9C23EDAEC100C45FCE /* umbagog.jpg in Resources */ = {isa = PBXBuildFile; fileRef = A3E6EC8F23EDAEC100C45FCE /* umbagog.jpg */; };
		A3E6EC9D23EDAEC100C45FCE /* landmarkData.json in Resources */ = {isa = PBXBuildFile; fileRef = A3E6EC9023EDAEC100C45FCE /* landmarkData.json */; };
		A3E6EC9E23EDAEC100C45FCE /* chincoteague.jpg in Resources */ = {isa = PBXBuildFile; fileRef = A3E6EC9123EDAEC100C45FCE /* chincoteague.jpg */; };
		A3E6EC9F23EDAEC100C45FCE /* yukon_charleyrivers.jpg in Resources */ = {isa = PBXBuildFile; fileRef = A3E6EC9223EDAEC100C45FCE /* yukon_charleyrivers.jpg */; };
		A3E6ECA023EDAEC100C45FCE /* stmarylake.jpg in Resources */ = {isa = PBXBuildFile; fileRef = A3E6EC9323EDAEC100C45FCE /* stmarylake.jpg */; };
		A3E6ECA123EDAEC100C45FCE /* chilkoottrail.jpg in Resources */ = {isa = PBXBuildFile; fileRef = A3E6EC9423EDAEC100C45FCE /* chilkoottrail.jpg */; };
		A3E6ECA223EDAEC100C45FCE /* rainbowlake.jpg in Resources */ = {isa = PBXBuildFile; fileRef = A3E6EC9523EDAEC100C45FCE /* rainbowlake.jpg */; };
		A3E6ECA423EDAEEB00C45FCE /* Assets.xcassets in Resources */ = {isa = PBXBuildFile; fileRef = A3E6ECA323EDAEEB00C45FCE /* Assets.xcassets */; };
		A3E6ECA623EDAFD900C45FCE /* LandmarkRow.swift in Sources */ = {isa = PBXBuildFile; fileRef = A3E6ECA523EDAFD900C45FCE /* LandmarkRow.swift */; };
		A3E6ECA823EDB23C00C45FCE /* LandmarkList.swift in Sources */ = {isa = PBXBuildFile; fileRef = A3E6ECA723EDB23C00C45FCE /* LandmarkList.swift */; };
/* End PBXBuildFile section */

/* Begin PBXFileReference section */
		A3E09A7723EC5E7D00872A63 /* Landmarks.app */ = {isa = PBXFileReference; explicitFileType = wrapper.application; includeInIndex = 0; path = Landmarks.app; sourceTree = BUILT_PRODUCTS_DIR; };
		A3E09A7A23EC5E7D00872A63 /* AppDelegate.swift */ = {isa = PBXFileReference; lastKnownFileType = sourcecode.swift; path = AppDelegate.swift; sourceTree = "<group>"; };
		A3E09A7C23EC5E7D00872A63 /* SceneDelegate.swift */ = {isa = PBXFileReference; lastKnownFileType = sourcecode.swift; path = SceneDelegate.swift; sourceTree = "<group>"; };
		A3E09A7E23EC5E7D00872A63 /* LandmarkDetail.swift */ = {isa = PBXFileReference; lastKnownFileType = sourcecode.swift; path = LandmarkDetail.swift; sourceTree = "<group>"; };
		A3E09A8323EC5E8100872A63 /* Preview Assets.xcassets */ = {isa = PBXFileReference; lastKnownFileType = folder.assetcatalog; path = "Preview Assets.xcassets"; sourceTree = "<group>"; };
		A3E09A8623EC5E8100872A63 /* Base */ = {isa = PBXFileReference; lastKnownFileType = file.storyboard; name = Base; path = Base.lproj/LaunchScreen.storyboard; sourceTree = "<group>"; };
		A3E09A8823EC5E8100872A63 /* Info.plist */ = {isa = PBXFileReference; lastKnownFileType = text.plist.xml; path = Info.plist; sourceTree = "<group>"; };
		A3E6EC7F23EDA75400C45FCE /* CircleImage.swift */ = {isa = PBXFileReference; lastKnownFileType = sourcecode.swift; path = CircleImage.swift; sourceTree = "<group>"; };
		A3E6EC8123EDA89F00C45FCE /* MapView.swift */ = {isa = PBXFileReference; lastKnownFileType = sourcecode.swift; path = MapView.swift; sourceTree = "<group>"; };
		A3E6EC8423EDAEA700C45FCE /* Data.swift */ = {isa = PBXFileReference; fileEncoding = 4; lastKnownFileType = sourcecode.swift; path = Data.swift; sourceTree = "<group>"; };
		A3E6EC8523EDAEA700C45FCE /* Landmark.swift */ = {isa = PBXFileReference; fileEncoding = 4; lastKnownFileType = sourcecode.swift; path = Landmark.swift; sourceTree = "<group>"; };
		A3E6EC8923EDAEC100C45FCE /* turtlerock.jpg */ = {isa = PBXFileReference; lastKnownFileType = image.jpeg; path = turtlerock.jpg; sourceTree = "<group>"; };
		A3E6EC8A23EDAEC100C45FCE /* silversalmoncreek.jpg */ = {isa = PBXFileReference; lastKnownFileType = image.jpeg; path = silversalmoncreek.jpg; sourceTree = "<group>"; };
		A3E6EC8B23EDAEC100C45FCE /* icybay.jpg */ = {isa = PBXFileReference; lastKnownFileType = image.jpeg; path = icybay.jpg; sourceTree = "<group>"; };
		A3E6EC8C23EDAEC100C45FCE /* lakemcdonald.jpg */ = {isa = PBXFileReference; lastKnownFileType = image.jpeg; path = lakemcdonald.jpg; sourceTree = "<group>"; };
		A3E6EC8D23EDAEC100C45FCE /* hiddenlake.jpg */ = {isa = PBXFileReference; lastKnownFileType = image.jpeg; path = hiddenlake.jpg; sourceTree = "<group>"; };
		A3E6EC8E23EDAEC100C45FCE /* twinlake.jpg */ = {isa = PBXFileReference; lastKnownFileType = image.jpeg; path = twinlake.jpg; sourceTree = "<group>"; };
		A3E6EC8F23EDAEC100C45FCE /* umbagog.jpg */ = {isa = PBXFileReference; lastKnownFileType = image.jpeg; path = umbagog.jpg; sourceTree = "<group>"; };
		A3E6EC9023EDAEC100C45FCE /* landmarkData.json */ = {isa = PBXFileReference; fileEncoding = 4; lastKnownFileType = text.json; path = landmarkData.json; sourceTree = "<group>"; };
		A3E6EC9123EDAEC100C45FCE /* chincoteague.jpg */ = {isa = PBXFileReference; lastKnownFileType = image.jpeg; path = chincoteague.jpg; sourceTree = "<group>"; };
		A3E6EC9223EDAEC100C45FCE /* yukon_charleyrivers.jpg */ = {isa = PBXFileReference; lastKnownFileType = image.jpeg; path = yukon_charleyrivers.jpg; sourceTree = "<group>"; };
		A3E6EC9323EDAEC100C45FCE /* stmarylake.jpg */ = {isa = PBXFileReference; lastKnownFileType = image.jpeg; path = stmarylake.jpg; sourceTree = "<group>"; };
		A3E6EC9423EDAEC100C45FCE /* chilkoottrail.jpg */ = {isa = PBXFileReference; lastKnownFileType = image.jpeg; path = chilkoottrail.jpg; sourceTree = "<group>"; };
		A3E6EC9523EDAEC100C45FCE /* rainbowlake.jpg */ = {isa = PBXFileReference; lastKnownFileType = image.jpeg; path = rainbowlake.jpg; sourceTree = "<group>"; };
		A3E6ECA323EDAEEB00C45FCE /* Assets.xcassets */ = {isa = PBXFileReference; lastKnownFileType = folder.assetcatalog; name = Assets.xcassets; path = Landmarks/Assets.xcassets; sourceTree = "<group>"; };
		A3E6ECA523EDAFD900C45FCE /* LandmarkRow.swift */ = {isa = PBXFileReference; lastKnownFileType = sourcecode.swift; path = LandmarkRow.swift; sourceTree = "<group>"; };
		A3E6ECA723EDB23C00C45FCE /* LandmarkList.swift */ = {isa = PBXFileReference; lastKnownFileType = sourcecode.swift; path = LandmarkList.swift; sourceTree = "<group>"; };
/* End PBXFileReference section */

/* Begin PBXFrameworksBuildPhase section */
		A3E09A7423EC5E7D00872A63 /* Frameworks */ = {
			isa = PBXFrameworksBuildPhase;
			buildActionMask = 2147483647;
			files = (
			);
			runOnlyForDeploymentPostprocessing = 0;
		};
/* End PBXFrameworksBuildPhase section */

/* Begin PBXGroup section */
		A3E09A6E23EC5E7D00872A63 = {
			isa = PBXGroup;
			children = (
				A3E6ECA323EDAEEB00C45FCE /* Assets.xcassets */,
				A3E6EC8823EDAEC100C45FCE /* Resources */,
				A3E6EC8323EDAEA700C45FCE /* Models */,
				A3E09A7923EC5E7D00872A63 /* Landmarks */,
				A3E09A7823EC5E7D00872A63 /* Products */,
			);
			sourceTree = "<group>";
		};
		A3E09A7823EC5E7D00872A63 /* Products */ = {
			isa = PBXGroup;
			children = (
				A3E09A7723EC5E7D00872A63 /* Landmarks.app */,
			);
			name = Products;
			sourceTree = "<group>";
		};
		A3E09A7923EC5E7D00872A63 /* Landmarks */ = {
			isa = PBXGroup;
			children = (
				A3E09A7A23EC5E7D00872A63 /* AppDelegate.swift */,
				A3E09A7C23EC5E7D00872A63 /* SceneDelegate.swift */,
				A3E09A7E23EC5E7D00872A63 /* LandmarkDetail.swift */,
				A3E6ECA523EDAFD900C45FCE /* LandmarkRow.swift */,
				A3E6ECA723EDB23C00C45FCE /* LandmarkList.swift */,
				A3E6EC7F23EDA75400C45FCE /* CircleImage.swift */,
				A3E6EC8123EDA89F00C45FCE /* MapView.swift */,
				A3E09A8523EC5E8100872A63 /* LaunchScreen.storyboard */,
				A3E09A8823EC5E8100872A63 /* Info.plist */,
				A3E09A8223EC5E8100872A63 /* Preview Content */,
			);
			path = Landmarks;
			sourceTree = "<group>";
		};
		A3E09A8223EC5E8100872A63 /* Preview Content */ = {
			isa = PBXGroup;
			children = (
				A3E09A8323EC5E8100872A63 /* Preview Assets.xcassets */,
			);
			path = "Preview Content";
			sourceTree = "<group>";
		};
		A3E6EC8323EDAEA700C45FCE /* Models */ = {
			isa = PBXGroup;
			children = (
				A3E6EC8423EDAEA700C45FCE /* Data.swift */,
				A3E6EC8523EDAEA700C45FCE /* Landmark.swift */,
			);
			name = Models;
			path = Landmarks/Models;
			sourceTree = "<group>";
		};
		A3E6EC8823EDAEC100C45FCE /* Resources */ = {
			isa = PBXGroup;
			children = (
				A3E6EC8923EDAEC100C45FCE /* turtlerock.jpg */,
				A3E6EC8A23EDAEC100C45FCE /* silversalmoncreek.jpg */,
				A3E6EC8B23EDAEC100C45FCE /* icybay.jpg */,
				A3E6EC8C23EDAEC100C45FCE /* lakemcdonald.jpg */,
				A3E6EC8D23EDAEC100C45FCE /* hiddenlake.jpg */,
				A3E6EC8E23EDAEC100C45FCE /* twinlake.jpg */,
				A3E6EC8F23EDAEC100C45FCE /* umbagog.jpg */,
				A3E6EC9023EDAEC100C45FCE /* landmarkData.json */,
				A3E6EC9123EDAEC100C45FCE /* chincoteague.jpg */,
				A3E6EC9223EDAEC100C45FCE /* yukon_charleyrivers.jpg */,
				A3E6EC9323EDAEC100C45FCE /* stmarylake.jpg */,
				A3E6EC9423EDAEC100C45FCE /* chilkoottrail.jpg */,
				A3E6EC9523EDAEC100C45FCE /* rainbowlake.jpg */,
			);
			name = Resources;
			path = Landmarks/Resources;
			sourceTree = "<group>";
		};
/* End PBXGroup section */

/* Begin PBXNativeTarget section */
		A3E09A7623EC5E7D00872A63 /* Landmarks */ = {
			isa = PBXNativeTarget;
			buildConfigurationList = A3E09A8B23EC5E8100872A63 /* Build configuration list for PBXNativeTarget "Landmarks" */;
			buildPhases = (
				A3E09A7323EC5E7D00872A63 /* Sources */,
				A3E09A7423EC5E7D00872A63 /* Frameworks */,
				A3E09A7523EC5E7D00872A63 /* Resources */,
			);
			buildRules = (
			);
			dependencies = (
			);
			name = Landmarks;
			productName = Landmarks;
			productReference = A3E09A7723EC5E7D00872A63 /* Landmarks.app */;
			productType = "com.apple.product-type.application";
		};
/* End PBXNativeTarget section */

/* Begin PBXProject section */
		A3E09A6F23EC5E7D00872A63 /* Project object */ = {
			isa = PBXProject;
			attributes = {
				LastSwiftUpdateCheck = 1130;
				LastUpgradeCheck = 1130;
				ORGANIZATIONNAME = "Anaru Herbert";
				TargetAttributes = {
					A3E09A7623EC5E7D00872A63 = {
						CreatedOnToolsVersion = 11.3;
					};
				};
			};
			buildConfigurationList = A3E09A7223EC5E7D00872A63 /* Build configuration list for PBXProject "Landmarks" */;
			compatibilityVersion = "Xcode 9.3";
			developmentRegion = en;
			hasScannedForEncodings = 0;
			knownRegions = (
				en,
				Base,
			);
			mainGroup = A3E09A6E23EC5E7D00872A63;
			productRefGroup = A3E09A7823EC5E7D00872A63 /* Products */;
			projectDirPath = "";
			projectRoot = "";
			targets = (
				A3E09A7623EC5E7D00872A63 /* Landmarks */,
			);
		};
/* End PBXProject section */

/* Begin PBXResourcesBuildPhase section */
		A3E09A7523EC5E7D00872A63 /* Resources */ = {
			isa = PBXResourcesBuildPhase;
			buildActionMask = 2147483647;
			files = (
				A3E6EC9923EDAEC100C45FCE /* lakemcdonald.jpg in Resources */,
				A3E6EC9723EDAEC100C45FCE /* silversalmoncreek.jpg in Resources */,
				A3E6EC9D23EDAEC100C45FCE /* landmarkData.json in Resources */,
				A3E6EC9623EDAEC100C45FCE /* turtlerock.jpg in Resources */,
				A3E09A8723EC5E8100872A63 /* LaunchScreen.storyboard in Resources */,
				A3E6EC9C23EDAEC100C45FCE /* umbagog.jpg in Resources */,
				A3E6ECA023EDAEC100C45FCE /* stmarylake.jpg in Resources */,
				A3E6EC9E23EDAEC100C45FCE /* chincoteague.jpg in Resources */,
				A3E09A8423EC5E8100872A63 /* Preview Assets.xcassets in Resources */,
				A3E6EC9823EDAEC100C45FCE /* icybay.jpg in Resources */,
				A3E6EC9B23EDAEC100C45FCE /* twinlake.jpg in Resources */,
				A3E6EC9A23EDAEC100C45FCE /* hiddenlake.jpg in Resources */,
				A3E6ECA223EDAEC100C45FCE /* rainbowlake.jpg in Resources */,
				A3E6ECA123EDAEC100C45FCE /* chilkoottrail.jpg in Resources */,
				A3E6ECA423EDAEEB00C45FCE /* Assets.xcassets in Resources */,
				A3E6EC9F23EDAEC100C45FCE /* yukon_charleyrivers.jpg in Resources */,
			);
			runOnlyForDeploymentPostprocessing = 0;
		};
/* End PBXResourcesBuildPhase section */

/* Begin PBXSourcesBuildPhase section */
		A3E09A7323EC5E7D00872A63 /* Sources */ = {
			isa = PBXSourcesBuildPhase;
			buildActionMask = 2147483647;
			files = (
				A3E6EC8723EDAEA700C45FCE /* Landmark.swift in Sources */,
				A3E09A7B23EC5E7D00872A63 /* AppDelegate.swift in Sources */,
				A3E6EC8623EDAEA700C45FCE /* Data.swift in Sources */,
				A3E6EC8023EDA75400C45FCE /* CircleImage.swift in Sources */,
				A3E6ECA823EDB23C00C45FCE /* LandmarkList.swift in Sources */,
				A3E6EC8223EDA89F00C45FCE /* MapView.swift in Sources */,
				A3E09A7D23EC5E7D00872A63 /* SceneDelegate.swift in Sources */,
				A3E6ECA623EDAFD900C45FCE /* LandmarkRow.swift in Sources */,
				A3E09A7F23EC5E7D00872A63 /* LandmarkDetail.swift in Sources */,
			);
			runOnlyForDeploymentPostprocessing = 0;
		};
/* End PBXSourcesBuildPhase section */

/* Begin PBXVariantGroup section */
		A3E09A8523EC5E8100872A63 /* LaunchScreen.storyboard */ = {
			isa = PBXVariantGroup;
			children = (
				A3E09A8623EC5E8100872A63 /* Base */,
			);
			name = LaunchScreen.storyboard;
			sourceTree = "<group>";
		};
/* End PBXVariantGroup section */

/* Begin XCBuildConfiguration section */
		A3E09A8923EC5E8100872A63 /* Debug */ = {
			isa = XCBuildConfiguration;
			buildSettings = {
				ALWAYS_SEARCH_USER_PATHS = NO;
				CLANG_ANALYZER_NONNULL = YES;
				CLANG_ANALYZER_NUMBER_OBJECT_CONVERSION = YES_AGGRESSIVE;
				CLANG_CXX_LANGUAGE_STANDARD = "gnu++14";
				CLANG_CXX_LIBRARY = "libc++";
				CLANG_ENABLE_MODULES = YES;
				CLANG_ENABLE_OBJC_ARC = YES;
				CLANG_ENABLE_OBJC_WEAK = YES;
				CLANG_WARN_BLOCK_CAPTURE_AUTORELEASING = YES;
				CLANG_WARN_BOOL_CONVERSION = YES;
				CLANG_WARN_COMMA = YES;
				CLANG_WARN_CONSTANT_CONVERSION = YES;
				CLANG_WARN_DEPRECATED_OBJC_IMPLEMENTATIONS = YES;
				CLANG_WARN_DIRECT_OBJC_ISA_USAGE = YES_ERROR;
				CLANG_WARN_DOCUMENTATION_COMMENTS = YES;
				CLANG_WARN_EMPTY_BODY = YES;
				CLANG_WARN_ENUM_CONVERSION = YES;
				CLANG_WARN_INFINITE_RECURSION = YES;
				CLANG_WARN_INT_CONVERSION = YES;
				CLANG_WARN_NON_LITERAL_NULL_CONVERSION = YES;
				CLANG_WARN_OBJC_IMPLICIT_RETAIN_SELF = YES;
				CLANG_WARN_OBJC_LITERAL_CONVERSION = YES;
				CLANG_WARN_OBJC_ROOT_CLASS = YES_ERROR;
				CLANG_WARN_RANGE_LOOP_ANALYSIS = YES;
				CLANG_WARN_STRICT_PROTOTYPES = YES;
				CLANG_WARN_SUSPICIOUS_MOVE = YES;
				CLANG_WARN_UNGUARDED_AVAILABILITY = YES_AGGRESSIVE;
				CLANG_WARN_UNREACHABLE_CODE = YES;
				CLANG_WARN__DUPLICATE_METHOD_MATCH = YES;
				COPY_PHASE_STRIP = NO;
				DEBUG_INFORMATION_FORMAT = dwarf;
				ENABLE_STRICT_OBJC_MSGSEND = YES;
				ENABLE_TESTABILITY = YES;
				GCC_C_LANGUAGE_STANDARD = gnu11;
				GCC_DYNAMIC_NO_PIC = NO;
				GCC_NO_COMMON_BLOCKS = YES;
				GCC_OPTIMIZATION_LEVEL = 0;
				GCC_PREPROCESSOR_DEFINITIONS = (
					"DEBUG=1",
					"$(inherited)",
				);
				GCC_WARN_64_TO_32_BIT_CONVERSION = YES;
				GCC_WARN_ABOUT_RETURN_TYPE = YES_ERROR;
				GCC_WARN_UNDECLARED_SELECTOR = YES;
				GCC_WARN_UNINITIALIZED_AUTOS = YES_AGGRESSIVE;
				GCC_WARN_UNUSED_FUNCTION = YES;
				GCC_WARN_UNUSED_VARIABLE = YES;
				IPHONEOS_DEPLOYMENT_TARGET = 13.2;
				MTL_ENABLE_DEBUG_INFO = INCLUDE_SOURCE;
				MTL_FAST_MATH = YES;
				ONLY_ACTIVE_ARCH = YES;
				SDKROOT = iphoneos;
				SWIFT_ACTIVE_COMPILATION_CONDITIONS = DEBUG;
				SWIFT_OPTIMIZATION_LEVEL = "-Onone";
			};
			name = Debug;
		};
		A3E09A8A23EC5E8100872A63 /* Release */ = {
			isa = XCBuildConfiguration;
			buildSettings = {
				ALWAYS_SEARCH_USER_PATHS = NO;
				CLANG_ANALYZER_NONNULL = YES;
				CLANG_ANALYZER_NUMBER_OBJECT_CONVERSION = YES_AGGRESSIVE;
				CLANG_CXX_LANGUAGE_STANDARD = "gnu++14";
				CLANG_CXX_LIBRARY = "libc++";
				CLANG_ENABLE_MODULES = YES;
				CLANG_ENABLE_OBJC_ARC = YES;
				CLANG_ENABLE_OBJC_WEAK = YES;
				CLANG_WARN_BLOCK_CAPTURE_AUTORELEASING = YES;
				CLANG_WARN_BOOL_CONVERSION = YES;
				CLANG_WARN_COMMA = YES;
				CLANG_WARN_CONSTANT_CONVERSION = YES;
				CLANG_WARN_DEPRECATED_OBJC_IMPLEMENTATIONS = YES;
				CLANG_WARN_DIRECT_OBJC_ISA_USAGE = YES_ERROR;
				CLANG_WARN_DOCUMENTATION_COMMENTS = YES;
				CLANG_WARN_EMPTY_BODY = YES;
				CLANG_WARN_ENUM_CONVERSION = YES;
				CLANG_WARN_INFINITE_RECURSION = YES;
				CLANG_WARN_INT_CONVERSION = YES;
				CLANG_WARN_NON_LITERAL_NULL_CONVERSION = YES;
				CLANG_WARN_OBJC_IMPLICIT_RETAIN_SELF = YES;
				CLANG_WARN_OBJC_LITERAL_CONVERSION = YES;
				CLANG_WARN_OBJC_ROOT_CLASS = YES_ERROR;
				CLANG_WARN_RANGE_LOOP_ANALYSIS = YES;
				CLANG_WARN_STRICT_PROTOTYPES = YES;
				CLANG_WARN_SUSPICIOUS_MOVE = YES;
				CLANG_WARN_UNGUARDED_AVAILABILITY = YES_AGGRESSIVE;
				CLANG_WARN_UNREACHABLE_CODE = YES;
				CLANG_WARN__DUPLICATE_METHOD_MATCH = YES;
				COPY_PHASE_STRIP = NO;
				DEBUG_INFORMATION_FORMAT = "dwarf-with-dsym";
				ENABLE_NS_ASSERTIONS = NO;
				ENABLE_STRICT_OBJC_MSGSEND = YES;
				GCC_C_LANGUAGE_STANDARD = gnu11;
				GCC_NO_COMMON_BLOCKS = YES;
				GCC_WARN_64_TO_32_BIT_CONVERSION = YES;
				GCC_WARN_ABOUT_RETURN_TYPE = YES_ERROR;
				GCC_WARN_UNDECLARED_SELECTOR = YES;
				GCC_WARN_UNINITIALIZED_AUTOS = YES_AGGRESSIVE;
				GCC_WARN_UNUSED_FUNCTION = YES;
				GCC_WARN_UNUSED_VARIABLE = YES;
				IPHONEOS_DEPLOYMENT_TARGET = 13.2;
				MTL_ENABLE_DEBUG_INFO = NO;
				MTL_FAST_MATH = YES;
				SDKROOT = iphoneos;
				SWIFT_COMPILATION_MODE = wholemodule;
				SWIFT_OPTIMIZATION_LEVEL = "-O";
				VALIDATE_PRODUCT = YES;
			};
			name = Release;
		};
		A3E09A8C23EC5E8100872A63 /* Debug */ = {
			isa = XCBuildConfiguration;
			buildSettings = {
				ASSETCATALOG_COMPILER_APPICON_NAME = AppIcon;
				CODE_SIGN_STYLE = Automatic;
				DEVELOPMENT_ASSET_PATHS = "\"Landmarks/Preview Content\"";
				DEVELOPMENT_TEAM = 2KG9NR622V;
				ENABLE_PREVIEWS = YES;
				INFOPLIST_FILE = Landmarks/Info.plist;
				LD_RUNPATH_SEARCH_PATHS = (
					"$(inherited)",
					"@executable_path/Frameworks",
				);
				PRODUCT_BUNDLE_IDENTIFIER = com.AnaruHerbert.Landmarks;
				PRODUCT_NAME = "$(TARGET_NAME)";
				SWIFT_VERSION = 5.0;
				TARGETED_DEVICE_FAMILY = "1,2";
			};
			name = Debug;
		};
		A3E09A8D23EC5E8100872A63 /* Release */ = {
			isa = XCBuildConfiguration;
			buildSettings = {
				ASSETCATALOG_COMPILER_APPICON_NAME = AppIcon;
				CODE_SIGN_STYLE = Automatic;
				DEVELOPMENT_ASSET_PATHS = "\"Landmarks/Preview Content\"";
				DEVELOPMENT_TEAM = 2KG9NR622V;
				ENABLE_PREVIEWS = YES;
				INFOPLIST_FILE = Landmarks/Info.plist;
				LD_RUNPATH_SEARCH_PATHS = (
					"$(inherited)",
					"@executable_path/Frameworks",
				);
				PRODUCT_BUNDLE_IDENTIFIER = com.AnaruHerbert.Landmarks;
				PRODUCT_NAME = "$(TARGET_NAME)";
				SWIFT_VERSION = 5.0;
				TARGETED_DEVICE_FAMILY = "1,2";
			};
			name = Release;
		};
/* End XCBuildConfiguration section */

/* Begin XCConfigurationList section */
		A3E09A7223EC5E7D00872A63 /* Build configuration list for PBXProject "Landmarks" */ = {
			isa = XCConfigurationList;
			buildConfigurations = (
				A3E09A8923EC5E8100872A63 /* Debug */,
				A3E09A8A23EC5E8100872A63 /* Release */,
			);
			defaultConfigurationIsVisible = 0;
			defaultConfigurationName = Release;
		};
		A3E09A8B23EC5E8100872A63 /* Build configuration list for PBXNativeTarget "Landmarks" */ = {
			isa = XCConfigurationList;
			buildConfigurations = (
				A3E09A8C23EC5E8100872A63 /* Debug */,
				A3E09A8D23EC5E8100872A63 /* Release */,
			);
			defaultConfigurationIsVisible = 0;
			defaultConfigurationName = Release;
		};
/* End XCConfigurationList section */
	};
	rootObject = A3E09A6F23EC5E7D00872A63 /* Project object */;
}
